
Microsoft Visual Studio Solution File, Format Version 12.00
# Visual Studio Version 16
VisualStudioVersion = 16.0.31613.86
MinimumVisualStudioVersion = 10.0.40219.1
Project("{FAE04EC0-301F-11D3-BF4B-00C04F79EFBC}") = "WebAPI", "MedicalPetClinic\WebAPI.csproj", "{B0DE2878-80D6-4B35-8C34-8D0F3ACFAC05}"
EndProject
Project("{FAE04EC0-301F-11D3-BF4B-00C04F79EFBC}") = "DataAccess", "DataAccess\DataAccess.csproj", "{60096114-D682-4741-86A3-C6C81CA7C499}"
EndProject
Project("{FAE04EC0-301F-11D3-BF4B-00C04F79EFBC}") = "Services", "Services\Services.csproj", "{C577F1A1-67F1-4016-937D-DFB456F3A8D7}"
EndProject
Global
	GlobalSection(SolutionConfigurationPlatforms) = preSolution
		Debug|Any CPU = Debug|Any CPU
		Release|Any CPU = Release|Any CPU
	EndGlobalSection
	GlobalSection(ProjectConfigurationPlatforms) = postSolution
		{B0DE2878-80D6-4B35-8C34-8D0F3ACFAC05}.Debug|Any CPU.ActiveCfg = Debug|Any CPU
		{B0DE2878-80D6-4B35-8C34-8D0F3ACFAC05}.Debug|Any CPU.Build.0 = Debug|Any CPU
		{B0DE2878-80D6-4B35-8C34-8D0F3ACFAC05}.Release|Any CPU.ActiveCfg = Release|Any CPU
		{B0DE2878-80D6-4B35-8C34-8D0F3ACFAC05}.Release|Any CPU.Build.0 = Release|Any CPU
		{60096114-D682-4741-86A3-C6C81CA7C499}.Debug|Any CPU.ActiveCfg = Debug|Any CPU
		{60096114-D682-4741-86A3-C6C81CA7C499}.Debug|Any CPU.Build.0 = Debug|Any CPU
		{60096114-D682-4741-86A3-C6C81CA7C499}.Release|Any CPU.ActiveCfg = Release|Any CPU
		{60096114-D682-4741-86A3-C6C81CA7C499}.Release|Any CPU.Build.0 = Release|Any CPU
		{C577F1A1-67F1-4016-937D-DFB456F3A8D7}.Debug|Any CPU.ActiveCfg = Debug|Any CPU
		{C577F1A1-67F1-4016-937D-DFB456F3A8D7}.Debug|Any CPU.Build.0 = Debug|Any CPU
		{C577F1A1-67F1-4016-937D-DFB456F3A8D7}.Release|Any CPU.ActiveCfg = Release|Any CPU
		{C577F1A1-67F1-4016-937D-DFB456F3A8D7}.Release|Any CPU.Build.0 = Release|Any CPU
	EndGlobalSection
	GlobalSection(SolutionProperties) = preSolution
		HideSolutionNode = FALSE
	EndGlobalSection
	GlobalSection(ExtensibilityGlobals) = postSolution
		SolutionGuid = {B88524ED-7CC2-4A9C-BB70-C63E15E87264}
	EndGlobalSection
EndGlobal
